
Microsoft Visual Studio Solution File, Format Version 12.00
# Visual Studio Version 17
VisualStudioVersion = 17.14.36202.13 d17.14
MinimumVisualStudioVersion = 10.0.40219.1
Project("{FAE04EC0-301F-11D3-BF4B-00C04F79EFBC}") = "Ejercicios de if, else y switch", "Ejercicios de if, else y switch.csproj", "{1E7A6530-047B-4ACB-8853-5FD901F04A73}"
EndProject
Global
	GlobalSection(SolutionConfigurationPlatforms) = preSolution
		Debug|Any CPU = Debug|Any CPU
		Release|Any CPU = Release|Any CPU
	EndGlobalSection
	GlobalSection(ProjectConfigurationPlatforms) = postSolution
		{1E7A6530-047B-4ACB-8853-5FD901F04A73}.Debug|Any CPU.ActiveCfg = Debug|Any CPU
		{1E7A6530-047B-4ACB-8853-5FD901F04A73}.Debug|Any CPU.Build.0 = Debug|Any CPU
		{1E7A6530-047B-4ACB-8853-5FD901F04A73}.Release|Any CPU.ActiveCfg = Release|Any CPU
		{1E7A6530-047B-4ACB-8853-5FD901F04A73}.Release|Any CPU.Build.0 = Release|Any CPU
	EndGlobalSection
	GlobalSection(SolutionProperties) = preSolution
		HideSolutionNode = FALSE
	EndGlobalSection
	GlobalSection(ExtensibilityGlobals) = postSolution
		SolutionGuid = {E2157D6D-E290-430B-9949-09D152448CDA}
	EndGlobalSection
EndGlobal
